
Microsoft Visual Studio Solution File, Format Version 12.00
# Visual Studio Express 2012 for Windows Desktop
Project("{FAE04EC0-301F-11D3-BF4B-00C04F79EFBC}") = "XirisSDKtest1", "XirisSDKtest1\XirisSDKtest1.csproj", "{5606B8B2-36DC-4A2D-B2FD-742C6C2DD94E}"
EndProject
Global
	GlobalSection(SolutionConfigurationPlatforms) = preSolution
		Debug|Any CPU = Debug|Any CPU
		Release|Any CPU = Release|Any CPU
	EndGlobalSection
	GlobalSection(ProjectConfigurationPlatforms) = postSolution
		{5606B8B2-36DC-4A2D-B2FD-742C6C2DD94E}.Debug|Any CPU.ActiveCfg = Debug|Any CPU
		{5606B8B2-36DC-4A2D-B2FD-742C6C2DD94E}.Debug|Any CPU.Build.0 = Debug|Any CPU
		{5606B8B2-36DC-4A2D-B2FD-742C6C2DD94E}.Release|Any CPU.ActiveCfg = Release|Any CPU
		{5606B8B2-36DC-4A2D-B2FD-742C6C2DD94E}.Release|Any CPU.Build.0 = Release|Any CPU
	EndGlobalSection
	GlobalSection(SolutionProperties) = preSolution
		HideSolutionNode = FALSE
	EndGlobalSection
EndGlobal
